// !$*UTF8*$!
{
	archiveVersion = 1;
	classes = {
	};
	objectVersion = 50;
	objects = {

/* Begin PBXBuildFile section */
		D9BF517622C7811500F6775F /* AppDelegate.swift in Sources */ = {isa = PBXBuildFile; fileRef = D9BF517522C7811500F6775F /* AppDelegate.swift */; };
		D9BF517D22C7811700F6775F /* Assets.xcassets in Resources */ = {isa = PBXBuildFile; fileRef = D9BF517C22C7811700F6775F /* Assets.xcassets */; };
		D9BF518022C7811700F6775F /* LaunchScreen.storyboard in Resources */ = {isa = PBXBuildFile; fileRef = D9BF517E22C7811700F6775F /* LaunchScreen.storyboard */; };
		D9BF519022C7837E00F6775F /* AuthViewController.swift in Sources */ = {isa = PBXBuildFile; fileRef = D9BF518E22C7837E00F6775F /* AuthViewController.swift */; };
		D9BF519122C7837E00F6775F /* AuthViewController.xib in Resources */ = {isa = PBXBuildFile; fileRef = D9BF518F22C7837E00F6775F /* AuthViewController.xib */; };
		D9BF519B22C7872100F6775F /* Localizable.strings in Resources */ = {isa = PBXBuildFile; fileRef = D9BF519D22C7872100F6775F /* Localizable.strings */; };
		D9BF51A022C7878E00F6775F /* Swift+localized.swift in Sources */ = {isa = PBXBuildFile; fileRef = D9BF519F22C7878E00F6775F /* Swift+localized.swift */; };
		D9BF51A322C7895C00F6775F /* BaseCoordinator.swift in Sources */ = {isa = PBXBuildFile; fileRef = D9BF51A222C7895C00F6775F /* BaseCoordinator.swift */; };
		D9BF51A522C7898500F6775F /* ApplicationCoordinator.swift in Sources */ = {isa = PBXBuildFile; fileRef = D9BF51A422C7898500F6775F /* ApplicationCoordinator.swift */; };
		D9BF51A722C78A0E00F6775F /* AuthCoordinator.swift in Sources */ = {isa = PBXBuildFile; fileRef = D9BF51A622C78A0E00F6775F /* AuthCoordinator.swift */; };
		D9BF51AA22C78B5D00F6775F /* FaceCheckViewController.swift in Sources */ = {isa = PBXBuildFile; fileRef = D9BF51A922C78B5D00F6775F /* FaceCheckViewController.swift */; };
		D9BF51AC22C78BCC00F6775F /* FaceCheckCoordinator.swift in Sources */ = {isa = PBXBuildFile; fileRef = D9BF51AB22C78BCC00F6775F /* FaceCheckCoordinator.swift */; };
		D9BF51B022C7963500F6775F /* Environment.swift in Sources */ = {isa = PBXBuildFile; fileRef = D9BF51AF22C7963500F6775F /* Environment.swift */; };
		D9BF51B222C7964F00F6775F /* EnvironmentImp.swift in Sources */ = {isa = PBXBuildFile; fileRef = D9BF51B122C7964F00F6775F /* EnvironmentImp.swift */; };
		D9BF51B522C7993100F6775F /* RequestRouter.swift in Sources */ = {isa = PBXBuildFile; fileRef = D9BF51B422C7993100F6775F /* RequestRouter.swift */; };
		D9BF51B822C79AE400F6775F /* Alamofire.framework in Frameworks */ = {isa = PBXBuildFile; fileRef = D9BF51B722C79AE400F6775F /* Alamofire.framework */; };
		D9BF51BB22C79BA700F6775F /* AuthRouter.swift in Sources */ = {isa = PBXBuildFile; fileRef = D9BF51BA22C79BA700F6775F /* AuthRouter.swift */; };
		D9BF51BD22C7B53D00F6775F /* AuthService.swift in Sources */ = {isa = PBXBuildFile; fileRef = D9BF51BC22C7B53D00F6775F /* AuthService.swift */; };
/* End PBXBuildFile section */

/* Begin PBXFileReference section */
		D9BF517222C7811500F6775F /* faceCheck.app */ = {isa = PBXFileReference; explicitFileType = wrapper.application; includeInIndex = 0; path = faceCheck.app; sourceTree = BUILT_PRODUCTS_DIR; };
		D9BF517522C7811500F6775F /* AppDelegate.swift */ = {isa = PBXFileReference; lastKnownFileType = sourcecode.swift; path = AppDelegate.swift; sourceTree = "<group>"; };
		D9BF517C22C7811700F6775F /* Assets.xcassets */ = {isa = PBXFileReference; lastKnownFileType = folder.assetcatalog; path = Assets.xcassets; sourceTree = "<group>"; };
		D9BF517F22C7811700F6775F /* Base */ = {isa = PBXFileReference; lastKnownFileType = file.storyboard; name = Base; path = Base.lproj/LaunchScreen.storyboard; sourceTree = "<group>"; };
		D9BF518122C7811700F6775F /* Info.plist */ = {isa = PBXFileReference; lastKnownFileType = text.plist.xml; path = Info.plist; sourceTree = "<group>"; };
		D9BF518E22C7837E00F6775F /* AuthViewController.swift */ = {isa = PBXFileReference; lastKnownFileType = sourcecode.swift; path = AuthViewController.swift; sourceTree = "<group>"; };
		D9BF518F22C7837E00F6775F /* AuthViewController.xib */ = {isa = PBXFileReference; lastKnownFileType = file.xib; path = AuthViewController.xib; sourceTree = "<group>"; };
		D9BF519622C786B400F6775F /* en */ = {isa = PBXFileReference; lastKnownFileType = text.plist.strings; name = en; path = en.lproj/LaunchScreen.strings; sourceTree = "<group>"; };
		D9BF519722C786BA00F6775F /* ru */ = {isa = PBXFileReference; lastKnownFileType = text.plist.strings; name = ru; path = ru.lproj/LaunchScreen.strings; sourceTree = "<group>"; };
		D9BF519C22C7872100F6775F /* en */ = {isa = PBXFileReference; lastKnownFileType = text.plist.strings; name = en; path = en.lproj/Localizable.strings; sourceTree = "<group>"; };
		D9BF519E22C7872600F6775F /* ru */ = {isa = PBXFileReference; lastKnownFileType = text.plist.strings; name = ru; path = ru.lproj/Localizable.strings; sourceTree = "<group>"; };
		D9BF519F22C7878E00F6775F /* Swift+localized.swift */ = {isa = PBXFileReference; lastKnownFileType = sourcecode.swift; path = "Swift+localized.swift"; sourceTree = "<group>"; };
		D9BF51A222C7895C00F6775F /* BaseCoordinator.swift */ = {isa = PBXFileReference; lastKnownFileType = sourcecode.swift; path = BaseCoordinator.swift; sourceTree = "<group>"; };
		D9BF51A422C7898500F6775F /* ApplicationCoordinator.swift */ = {isa = PBXFileReference; lastKnownFileType = sourcecode.swift; path = ApplicationCoordinator.swift; sourceTree = "<group>"; };
		D9BF51A622C78A0E00F6775F /* AuthCoordinator.swift */ = {isa = PBXFileReference; lastKnownFileType = sourcecode.swift; path = AuthCoordinator.swift; sourceTree = "<group>"; };
		D9BF51A922C78B5D00F6775F /* FaceCheckViewController.swift */ = {isa = PBXFileReference; lastKnownFileType = sourcecode.swift; path = FaceCheckViewController.swift; sourceTree = "<group>"; };
		D9BF51AB22C78BCC00F6775F /* FaceCheckCoordinator.swift */ = {isa = PBXFileReference; lastKnownFileType = sourcecode.swift; path = FaceCheckCoordinator.swift; sourceTree = "<group>"; };
		D9BF51AF22C7963500F6775F /* Environment.swift */ = {isa = PBXFileReference; lastKnownFileType = sourcecode.swift; path = Environment.swift; sourceTree = "<group>"; };
		D9BF51B122C7964F00F6775F /* EnvironmentImp.swift */ = {isa = PBXFileReference; lastKnownFileType = sourcecode.swift; path = EnvironmentImp.swift; sourceTree = "<group>"; };
		D9BF51B422C7993100F6775F /* RequestRouter.swift */ = {isa = PBXFileReference; lastKnownFileType = sourcecode.swift; path = RequestRouter.swift; sourceTree = "<group>"; };
		D9BF51B722C79AE400F6775F /* Alamofire.framework */ = {isa = PBXFileReference; lastKnownFileType = wrapper.framework; name = Alamofire.framework; path = Carthage/Build/iOS/Alamofire.framework; sourceTree = "<group>"; };
		D9BF51BA22C79BA700F6775F /* AuthRouter.swift */ = {isa = PBXFileReference; lastKnownFileType = sourcecode.swift; path = AuthRouter.swift; sourceTree = "<group>"; };
		D9BF51BC22C7B53D00F6775F /* AuthService.swift */ = {isa = PBXFileReference; lastKnownFileType = sourcecode.swift; path = AuthService.swift; sourceTree = "<group>"; };
/* End PBXFileReference section */

/* Begin PBXFrameworksBuildPhase section */
		D9BF516F22C7811500F6775F /* Frameworks */ = {
			isa = PBXFrameworksBuildPhase;
			buildActionMask = 2147483647;
			files = (
				D9BF51B822C79AE400F6775F /* Alamofire.framework in Frameworks */,
			);
			runOnlyForDeploymentPostprocessing = 0;
		};
/* End PBXFrameworksBuildPhase section */

/* Begin PBXGroup section */
		D9BF516922C7811500F6775F = {
			isa = PBXGroup;
			children = (
				D9BF517422C7811500F6775F /* faceCheck */,
				D9BF517322C7811500F6775F /* Products */,
				D9BF51B622C79AE400F6775F /* Frameworks */,
			);
			sourceTree = "<group>";
		};
		D9BF517322C7811500F6775F /* Products */ = {
			isa = PBXGroup;
			children = (
				D9BF517222C7811500F6775F /* faceCheck.app */,
			);
			name = Products;
			sourceTree = "<group>";
		};
		D9BF517422C7811500F6775F /* faceCheck */ = {
			isa = PBXGroup;
			children = (
				D9BF518722C782DC00F6775F /* Core */,
				D9BF518922C782EC00F6775F /* Flow */,
				D9BF518A22C782F200F6775F /* Services */,
				D9BF518822C782E300F6775F /* Common */,
				D9BF519222C784E000F6775F /* Extensions */,
			);
			path = faceCheck;
			sourceTree = "<group>";
		};
		D9BF518722C782DC00F6775F /* Core */ = {
			isa = PBXGroup;
			children = (
				D9BF51A122C7894100F6775F /* Coordinators */,
			);
			path = Core;
			sourceTree = "<group>";
		};
		D9BF518822C782E300F6775F /* Common */ = {
			isa = PBXGroup;
			children = (
				D9BF517522C7811500F6775F /* AppDelegate.swift */,
				D9BF517C22C7811700F6775F /* Assets.xcassets */,
				D9BF518122C7811700F6775F /* Info.plist */,
				D9BF519822C786CA00F6775F /* Localizations */,
			);
			path = Common;
			sourceTree = "<group>";
		};
		D9BF518922C782EC00F6775F /* Flow */ = {
			isa = PBXGroup;
			children = (
				D9BF518C22C7832C00F6775F /* Launch */,
				D9BF518D22C7835300F6775F /* Auth */,
				D9BF51A822C78AEC00F6775F /* FaceCheck */,
			);
			path = Flow;
			sourceTree = "<group>";
		};
		D9BF518A22C782F200F6775F /* Services */ = {
			isa = PBXGroup;
			children = (
				D9BF51AD22C795B200F6775F /* NetWork */,
			);
			path = Services;
			sourceTree = "<group>";
		};
		D9BF518C22C7832C00F6775F /* Launch */ = {
			isa = PBXGroup;
			children = (
				D9BF517E22C7811700F6775F /* LaunchScreen.storyboard */,
			);
			path = Launch;
			sourceTree = "<group>";
		};
		D9BF518D22C7835300F6775F /* Auth */ = {
			isa = PBXGroup;
			children = (
				D9BF518E22C7837E00F6775F /* AuthViewController.swift */,
				D9BF518F22C7837E00F6775F /* AuthViewController.xib */,
			);
			path = Auth;
			sourceTree = "<group>";
		};
		D9BF519222C784E000F6775F /* Extensions */ = {
			isa = PBXGroup;
			children = (
				D9BF519F22C7878E00F6775F /* Swift+localized.swift */,
			);
			path = Extensions;
			sourceTree = "<group>";
		};
		D9BF519822C786CA00F6775F /* Localizations */ = {
			isa = PBXGroup;
			children = (
				D9BF519D22C7872100F6775F /* Localizable.strings */,
			);
			path = Localizations;
			sourceTree = "<group>";
		};
		D9BF51A122C7894100F6775F /* Coordinators */ = {
			isa = PBXGroup;
			children = (
				D9BF51A222C7895C00F6775F /* BaseCoordinator.swift */,
				D9BF51A422C7898500F6775F /* ApplicationCoordinator.swift */,
				D9BF51A622C78A0E00F6775F /* AuthCoordinator.swift */,
				D9BF51AB22C78BCC00F6775F /* FaceCheckCoordinator.swift */,
			);
			path = Coordinators;
			sourceTree = "<group>";
		};
		D9BF51A822C78AEC00F6775F /* FaceCheck */ = {
			isa = PBXGroup;
			children = (
				D9BF51A922C78B5D00F6775F /* FaceCheckViewController.swift */,
			);
			path = FaceCheck;
			sourceTree = "<group>";
		};
		D9BF51AD22C795B200F6775F /* NetWork */ = {
			isa = PBXGroup;
			children = (
				D9BF51BC22C7B53D00F6775F /* AuthService.swift */,
				D9BF51AE22C7962300F6775F /* Config */,
				D9BF51B322C7986F00F6775F /* NetworkRouters */,
			);
			path = NetWork;
			sourceTree = "<group>";
		};
		D9BF51AE22C7962300F6775F /* Config */ = {
			isa = PBXGroup;
			children = (
				D9BF51AF22C7963500F6775F /* Environment.swift */,
				D9BF51B122C7964F00F6775F /* EnvironmentImp.swift */,
			);
			path = Config;
			sourceTree = "<group>";
		};
		D9BF51B322C7986F00F6775F /* NetworkRouters */ = {
			isa = PBXGroup;
			children = (
				D9BF51B422C7993100F6775F /* RequestRouter.swift */,
				D9BF51BA22C79BA700F6775F /* AuthRouter.swift */,
			);
			path = NetworkRouters;
			sourceTree = "<group>";
		};
		D9BF51B622C79AE400F6775F /* Frameworks */ = {
			isa = PBXGroup;
			children = (
				D9BF51B722C79AE400F6775F /* Alamofire.framework */,
			);
			name = Frameworks;
			sourceTree = "<group>";
		};
/* End PBXGroup section */

/* Begin PBXNativeTarget section */
		D9BF517122C7811500F6775F /* faceCheck */ = {
			isa = PBXNativeTarget;
			buildConfigurationList = D9BF518422C7811700F6775F /* Build configuration list for PBXNativeTarget "faceCheck" */;
			buildPhases = (
				D9BF516E22C7811500F6775F /* Sources */,
				D9BF516F22C7811500F6775F /* Frameworks */,
				D9BF517022C7811500F6775F /* Resources */,
				D9BF51B922C79B1200F6775F /* ShellScript */,
			);
			buildRules = (
			);
			dependencies = (
			);
			name = faceCheck;
			productName = faceCheck;
			productReference = D9BF517222C7811500F6775F /* faceCheck.app */;
			productType = "com.apple.product-type.application";
		};
/* End PBXNativeTarget section */

/* Begin PBXProject section */
		D9BF516A22C7811500F6775F /* Project object */ = {
			isa = PBXProject;
			attributes = {
				LastSwiftUpdateCheck = 1020;
				LastUpgradeCheck = 1020;
				ORGANIZATIONNAME = Booharin;
				TargetAttributes = {
					D9BF517122C7811500F6775F = {
						CreatedOnToolsVersion = 10.2;
					};
				};
			};
			buildConfigurationList = D9BF516D22C7811500F6775F /* Build configuration list for PBXProject "faceCheck" */;
			compatibilityVersion = "Xcode 9.3";
			developmentRegion = en;
			hasScannedForEncodings = 0;
			knownRegions = (
				Base,
				en,
				ru,
			);
			mainGroup = D9BF516922C7811500F6775F;
			productRefGroup = D9BF517322C7811500F6775F /* Products */;
			projectDirPath = "";
			projectRoot = "";
			targets = (
				D9BF517122C7811500F6775F /* faceCheck */,
			);
		};
/* End PBXProject section */

/* Begin PBXResourcesBuildPhase section */
		D9BF517022C7811500F6775F /* Resources */ = {
			isa = PBXResourcesBuildPhase;
			buildActionMask = 2147483647;
			files = (
				D9BF518022C7811700F6775F /* LaunchScreen.storyboard in Resources */,
				D9BF519B22C7872100F6775F /* Localizable.strings in Resources */,
				D9BF519122C7837E00F6775F /* AuthViewController.xib in Resources */,
				D9BF517D22C7811700F6775F /* Assets.xcassets in Resources */,
			);
			runOnlyForDeploymentPostprocessing = 0;
		};
/* End PBXResourcesBuildPhase section */

/* Begin PBXShellScriptBuildPhase section */
		D9BF51B922C79B1200F6775F /* ShellScript */ = {
			isa = PBXShellScriptBuildPhase;
			buildActionMask = 2147483647;
			files = (
			);
			inputFileListPaths = (
			);
			inputPaths = (
				"$(SRCROOT)/Carthage/Build/iOS/Alamofire.framework",
			);
			outputFileListPaths = (
			);
			outputPaths = (
			);
			runOnlyForDeploymentPostprocessing = 0;
			shellPath = /bin/sh;
			shellScript = "/usr/local/bin/carthage copy-frameworks\n";
		};
/* End PBXShellScriptBuildPhase section */

/* Begin PBXSourcesBuildPhase section */
		D9BF516E22C7811500F6775F /* Sources */ = {
			isa = PBXSourcesBuildPhase;
			buildActionMask = 2147483647;
			files = (
				D9BF51AA22C78B5D00F6775F /* FaceCheckViewController.swift in Sources */,
				D9BF51A522C7898500F6775F /* ApplicationCoordinator.swift in Sources */,
				D9BF519022C7837E00F6775F /* AuthViewController.swift in Sources */,
				D9BF517622C7811500F6775F /* AppDelegate.swift in Sources */,
				D9BF51B022C7963500F6775F /* Environment.swift in Sources */,
				D9BF51A022C7878E00F6775F /* Swift+localized.swift in Sources */,
				D9BF51BD22C7B53D00F6775F /* AuthService.swift in Sources */,
				D9BF51B522C7993100F6775F /* RequestRouter.swift in Sources */,
				D9BF51B222C7964F00F6775F /* EnvironmentImp.swift in Sources */,
				D9BF51A722C78A0E00F6775F /* AuthCoordinator.swift in Sources */,
				D9BF51AC22C78BCC00F6775F /* FaceCheckCoordinator.swift in Sources */,
				D9BF51BB22C79BA700F6775F /* AuthRouter.swift in Sources */,
				D9BF51A322C7895C00F6775F /* BaseCoordinator.swift in Sources */,
			);
			runOnlyForDeploymentPostprocessing = 0;
		};
/* End PBXSourcesBuildPhase section */

/* Begin PBXVariantGroup section */
		D9BF517E22C7811700F6775F /* LaunchScreen.storyboard */ = {
			isa = PBXVariantGroup;
			children = (
				D9BF517F22C7811700F6775F /* Base */,
				D9BF519622C786B400F6775F /* en */,
				D9BF519722C786BA00F6775F /* ru */,
			);
			name = LaunchScreen.storyboard;
			sourceTree = "<group>";
		};
		D9BF519D22C7872100F6775F /* Localizable.strings */ = {
			isa = PBXVariantGroup;
			children = (
				D9BF519C22C7872100F6775F /* en */,
				D9BF519E22C7872600F6775F /* ru */,
			);
			name = Localizable.strings;
			sourceTree = "<group>";
		};
/* End PBXVariantGroup section */

/* Begin XCBuildConfiguration section */
		D9BF518222C7811700F6775F /* Debug */ = {
			isa = XCBuildConfiguration;
			buildSettings = {
				ALWAYS_SEARCH_USER_PATHS = NO;
				CLANG_ANALYZER_LOCALIZABILITY_NONLOCALIZED = YES;
				CLANG_ANALYZER_NONNULL = YES;
				CLANG_ANALYZER_NUMBER_OBJECT_CONVERSION = YES_AGGRESSIVE;
				CLANG_CXX_LANGUAGE_STANDARD = "gnu++14";
				CLANG_CXX_LIBRARY = "libc++";
				CLANG_ENABLE_MODULES = YES;
				CLANG_ENABLE_OBJC_ARC = YES;
				CLANG_ENABLE_OBJC_WEAK = YES;
				CLANG_WARN_BLOCK_CAPTURE_AUTORELEASING = YES;
				CLANG_WARN_BOOL_CONVERSION = YES;
				CLANG_WARN_COMMA = YES;
				CLANG_WARN_CONSTANT_CONVERSION = YES;
				CLANG_WARN_DEPRECATED_OBJC_IMPLEMENTATIONS = YES;
				CLANG_WARN_DIRECT_OBJC_ISA_USAGE = YES_ERROR;
				CLANG_WARN_DOCUMENTATION_COMMENTS = YES;
				CLANG_WARN_EMPTY_BODY = YES;
				CLANG_WARN_ENUM_CONVERSION = YES;
				CLANG_WARN_INFINITE_RECURSION = YES;
				CLANG_WARN_INT_CONVERSION = YES;
				CLANG_WARN_NON_LITERAL_NULL_CONVERSION = YES;
				CLANG_WARN_OBJC_IMPLICIT_RETAIN_SELF = YES;
				CLANG_WARN_OBJC_LITERAL_CONVERSION = YES;
				CLANG_WARN_OBJC_ROOT_CLASS = YES_ERROR;
				CLANG_WARN_RANGE_LOOP_ANALYSIS = YES;
				CLANG_WARN_STRICT_PROTOTYPES = YES;
				CLANG_WARN_SUSPICIOUS_MOVE = YES;
				CLANG_WARN_UNGUARDED_AVAILABILITY = YES_AGGRESSIVE;
				CLANG_WARN_UNREACHABLE_CODE = YES;
				CLANG_WARN__DUPLICATE_METHOD_MATCH = YES;
				CODE_SIGN_IDENTITY = "iPhone Developer";
				COPY_PHASE_STRIP = NO;
				DEBUG_INFORMATION_FORMAT = dwarf;
				ENABLE_STRICT_OBJC_MSGSEND = YES;
				ENABLE_TESTABILITY = YES;
				GCC_C_LANGUAGE_STANDARD = gnu11;
				GCC_DYNAMIC_NO_PIC = NO;
				GCC_NO_COMMON_BLOCKS = YES;
				GCC_OPTIMIZATION_LEVEL = 0;
				GCC_PREPROCESSOR_DEFINITIONS = (
					"DEBUG=1",
					"$(inherited)",
				);
				GCC_WARN_64_TO_32_BIT_CONVERSION = YES;
				GCC_WARN_ABOUT_RETURN_TYPE = YES_ERROR;
				GCC_WARN_UNDECLARED_SELECTOR = YES;
				GCC_WARN_UNINITIALIZED_AUTOS = YES_AGGRESSIVE;
				GCC_WARN_UNUSED_FUNCTION = YES;
				GCC_WARN_UNUSED_VARIABLE = YES;
				IPHONEOS_DEPLOYMENT_TARGET = 12.2;
				MTL_ENABLE_DEBUG_INFO = INCLUDE_SOURCE;
				MTL_FAST_MATH = YES;
				ONLY_ACTIVE_ARCH = YES;
				SDKROOT = iphoneos;
				SWIFT_ACTIVE_COMPILATION_CONDITIONS = DEBUG;
				SWIFT_OPTIMIZATION_LEVEL = "-Onone";
			};
			name = Debug;
		};
		D9BF518322C7811700F6775F /* Release */ = {
			isa = XCBuildConfiguration;
			buildSettings = {
				ALWAYS_SEARCH_USER_PATHS = NO;
				CLANG_ANALYZER_LOCALIZABILITY_NONLOCALIZED = YES;
				CLANG_ANALYZER_NONNULL = YES;
				CLANG_ANALYZER_NUMBER_OBJECT_CONVERSION = YES_AGGRESSIVE;
				CLANG_CXX_LANGUAGE_STANDARD = "gnu++14";
				CLANG_CXX_LIBRARY = "libc++";
				CLANG_ENABLE_MODULES = YES;
				CLANG_ENABLE_OBJC_ARC = YES;
				CLANG_ENABLE_OBJC_WEAK = YES;
				CLANG_WARN_BLOCK_CAPTURE_AUTORELEASING = YES;
				CLANG_WARN_BOOL_CONVERSION = YES;
				CLANG_WARN_COMMA = YES;
				CLANG_WARN_CONSTANT_CONVERSION = YES;
				CLANG_WARN_DEPRECATED_OBJC_IMPLEMENTATIONS = YES;
				CLANG_WARN_DIRECT_OBJC_ISA_USAGE = YES_ERROR;
				CLANG_WARN_DOCUMENTATION_COMMENTS = YES;
				CLANG_WARN_EMPTY_BODY = YES;
				CLANG_WARN_ENUM_CONVERSION = YES;
				CLANG_WARN_INFINITE_RECURSION = YES;
				CLANG_WARN_INT_CONVERSION = YES;
				CLANG_WARN_NON_LITERAL_NULL_CONVERSION = YES;
				CLANG_WARN_OBJC_IMPLICIT_RETAIN_SELF = YES;
				CLANG_WARN_OBJC_LITERAL_CONVERSION = YES;
				CLANG_WARN_OBJC_ROOT_CLASS = YES_ERROR;
				CLANG_WARN_RANGE_LOOP_ANALYSIS = YES;
				CLANG_WARN_STRICT_PROTOTYPES = YES;
				CLANG_WARN_SUSPICIOUS_MOVE = YES;
				CLANG_WARN_UNGUARDED_AVAILABILITY = YES_AGGRESSIVE;
				CLANG_WARN_UNREACHABLE_CODE = YES;
				CLANG_WARN__DUPLICATE_METHOD_MATCH = YES;
				CODE_SIGN_IDENTITY = "iPhone Developer";
				COPY_PHASE_STRIP = NO;
				DEBUG_INFORMATION_FORMAT = "dwarf-with-dsym";
				ENABLE_NS_ASSERTIONS = NO;
				ENABLE_STRICT_OBJC_MSGSEND = YES;
				GCC_C_LANGUAGE_STANDARD = gnu11;
				GCC_NO_COMMON_BLOCKS = YES;
				GCC_WARN_64_TO_32_BIT_CONVERSION = YES;
				GCC_WARN_ABOUT_RETURN_TYPE = YES_ERROR;
				GCC_WARN_UNDECLARED_SELECTOR = YES;
				GCC_WARN_UNINITIALIZED_AUTOS = YES_AGGRESSIVE;
				GCC_WARN_UNUSED_FUNCTION = YES;
				GCC_WARN_UNUSED_VARIABLE = YES;
				IPHONEOS_DEPLOYMENT_TARGET = 12.2;
				MTL_ENABLE_DEBUG_INFO = NO;
				MTL_FAST_MATH = YES;
				SDKROOT = iphoneos;
				SWIFT_COMPILATION_MODE = wholemodule;
				SWIFT_OPTIMIZATION_LEVEL = "-O";
				VALIDATE_PRODUCT = YES;
			};
			name = Release;
		};
		D9BF518522C7811700F6775F /* Debug */ = {
			isa = XCBuildConfiguration;
			buildSettings = {
				ASSETCATALOG_COMPILER_APPICON_NAME = AppIcon;
				CODE_SIGN_STYLE = Automatic;
				DEVELOPMENT_TEAM = 62UUS6482X;
				FRAMEWORK_SEARCH_PATHS = (
					"$(inherited)",
					"$(PROJECT_DIR)/Carthage/Build/iOS",
				);
				INFOPLIST_FILE = faceCheck/Common/Info.plist;
				LD_RUNPATH_SEARCH_PATHS = (
					"$(inherited)",
					"@executable_path/Frameworks",
				);
				PRODUCT_BUNDLE_IDENTIFIER = com.booharinInc.faceCheck;
				PRODUCT_NAME = "$(TARGET_NAME)";
				SWIFT_VERSION = 5.0;
				TARGETED_DEVICE_FAMILY = "1,2";
			};
			name = Debug;
		};
		D9BF518622C7811700F6775F /* Release */ = {
			isa = XCBuildConfiguration;
			buildSettings = {
				ASSETCATALOG_COMPILER_APPICON_NAME = AppIcon;
				CODE_SIGN_STYLE = Automatic;
				DEVELOPMENT_TEAM = 62UUS6482X;
				FRAMEWORK_SEARCH_PATHS = (
					"$(inherited)",
					"$(PROJECT_DIR)/Carthage/Build/iOS",
				);
				INFOPLIST_FILE = faceCheck/Common/Info.plist;
				LD_RUNPATH_SEARCH_PATHS = (
					"$(inherited)",
					"@executable_path/Frameworks",
				);
				PRODUCT_BUNDLE_IDENTIFIER = com.booharinInc.faceCheck;
				PRODUCT_NAME = "$(TARGET_NAME)";
				SWIFT_VERSION = 5.0;
				TARGETED_DEVICE_FAMILY = "1,2";
			};
			name = Release;
		};
/* End XCBuildConfiguration section */

/* Begin XCConfigurationList section */
		D9BF516D22C7811500F6775F /* Build configuration list for PBXProject "faceCheck" */ = {
			isa = XCConfigurationList;
			buildConfigurations = (
				D9BF518222C7811700F6775F /* Debug */,
				D9BF518322C7811700F6775F /* Release */,
			);
			defaultConfigurationIsVisible = 0;
			defaultConfigurationName = Release;
		};
		D9BF518422C7811700F6775F /* Build configuration list for PBXNativeTarget "faceCheck" */ = {
			isa = XCConfigurationList;
			buildConfigurations = (
				D9BF518522C7811700F6775F /* Debug */,
				D9BF518622C7811700F6775F /* Release */,
			);
			defaultConfigurationIsVisible = 0;
			defaultConfigurationName = Release;
		};
/* End XCConfigurationList section */
	};
	rootObject = D9BF516A22C7811500F6775F /* Project object */;
}
